
Microsoft Visual Studio Solution File, Format Version 12.00
# Visual Studio 2017
Project("{FAE04EC0-301F-11D3-BF4B-00C04F79EFBC}") = "Three Point Shoot", "Three Point Shoot.csproj", "{752DA803-A92F-8417-4BE6-5EB1130C7F90}"
EndProject
Project("{FAE04EC0-301F-11D3-BF4B-00C04F79EFBC}") = "Three Point Shoot.Editor", "Three Point Shoot.Editor.csproj", "{59CED214-842B-F130-F8AF-5F59BB18493E}"
EndProject
Global
	GlobalSection(SolutionConfigurationPlatforms) = preSolution
		Debug|Any CPU = Debug|Any CPU
		Release|Any CPU = Release|Any CPU
	EndGlobalSection
	GlobalSection(ProjectConfigurationPlatforms) = postSolution
		{752DA803-A92F-8417-4BE6-5EB1130C7F90}.Debug|Any CPU.ActiveCfg = Debug|Any CPU
		{752DA803-A92F-8417-4BE6-5EB1130C7F90}.Debug|Any CPU.Build.0 = Debug|Any CPU
		{752DA803-A92F-8417-4BE6-5EB1130C7F90}.Release|Any CPU.ActiveCfg = Release|Any CPU
		{752DA803-A92F-8417-4BE6-5EB1130C7F90}.Release|Any CPU.Build.0 = Release|Any CPU
		{59CED214-842B-F130-F8AF-5F59BB18493E}.Debug|Any CPU.ActiveCfg = Debug|Any CPU
		{59CED214-842B-F130-F8AF-5F59BB18493E}.Debug|Any CPU.Build.0 = Debug|Any CPU
		{59CED214-842B-F130-F8AF-5F59BB18493E}.Release|Any CPU.ActiveCfg = Release|Any CPU
		{59CED214-842B-F130-F8AF-5F59BB18493E}.Release|Any CPU.Build.0 = Release|Any CPU
	EndGlobalSection
	GlobalSection(SolutionProperties) = preSolution
		HideSolutionNode = FALSE
	EndGlobalSection
EndGlobal
